{
  "name": "examples",
  "version": "1.0.0",
  "lockfileVersion": 2,
  "requires": true,
  "packages": {
    "": {
      "name": "examples",
      "version": "1.0.0",
      "license": "MIT",
      "devDependencies": {
        "open-props": "^1.0.9"
      }
    },
    "node_modules/open-props": {
      "version": "1.0.9",
      "resolved": "https://registry.npmjs.org/open-props/-/open-props-1.0.9.tgz",
      "integrity": "sha512-iGuloOZ/OKXeitZwIQRw0oDnJPTY6b+0ZG7UWn/FAHIDzkRulOKCtJ4njOX5e44AFnyYv89Y0UoxUV+erUATGQ==",
      "dev": true
    }
  },
  "dependencies": {
    "open-props": {
      "version": "1.0.9",
      "resolved": "https://registry.npmjs.org/open-props/-/open-props-1.0.9.tgz",
      "integrity": "sha512-iGuloOZ/OKXeitZwIQRw0oDnJPTY6b+0ZG7UWn/FAHIDzkRulOKCtJ4njOX5e44AFnyYv89Y0UoxUV+erUATGQ==",
      "dev": true
    }
  }
}
